
Microsoft Visual Studio Solution File, Format Version 12.00
# Visual Studio 15
VisualStudioVersion = 15.0.28307.960
MinimumVisualStudioVersion = 10.0.40219.1
Project("{FAE04EC0-301F-11D3-BF4B-00C04F79EFBC}") = "Astroid Basic UI", "Astroid Basic UI\Astroid Basic UI.csproj", "{4363C797-6812-4A4E-A132-769CA3E9AD67}"
EndProject
Global
	GlobalSection(SolutionConfigurationPlatforms) = preSolution
		Debug|Any CPU = Debug|Any CPU
		Release|Any CPU = Release|Any CPU
	EndGlobalSection
	GlobalSection(ProjectConfigurationPlatforms) = postSolution
		{4363C797-6812-4A4E-A132-769CA3E9AD67}.Debug|Any CPU.ActiveCfg = Debug|Any CPU
		{4363C797-6812-4A4E-A132-769CA3E9AD67}.Debug|Any CPU.Build.0 = Debug|Any CPU
		{4363C797-6812-4A4E-A132-769CA3E9AD67}.Release|Any CPU.ActiveCfg = Release|Any CPU
		{4363C797-6812-4A4E-A132-769CA3E9AD67}.Release|Any CPU.Build.0 = Release|Any CPU
	EndGlobalSection
	GlobalSection(SolutionProperties) = preSolution
		HideSolutionNode = FALSE
	EndGlobalSection
	GlobalSection(ExtensibilityGlobals) = postSolution
		SolutionGuid = {99EC0578-0DAB-42B6-9C14-58C542A64E6E}
	EndGlobalSection
EndGlobal
